
Microsoft Visual Studio Solution File, Format Version 12.00
# Visual Studio Version 17
VisualStudioVersion = 17.0.31903.59
MinimumVisualStudioVersion = 10.0.40219.1
Project("{2150E333-8FDC-42A3-9474-1A3956D46DE8}") = "src", "src", "{28BD64BA-9A21-4F1E-BD57-E3A78A73CD08}"
EndProject
Project("{2150E333-8FDC-42A3-9474-1A3956D46DE8}") = "Clients", "Clients", "{F8BEBF68-A160-4874-9AC9-13B0F5B5C88D}"
EndProject
Project("{2150E333-8FDC-42A3-9474-1A3956D46DE8}") = "Çözüm Öğeleri", "Çözüm Öğeleri", "{2FFD5D61-DB40-46F2-BD27-716E9FE00276}"
	ProjectSection(SolutionItems) = preProject
		ServiceUrls.txt = ServiceUrls.txt
	EndProjectSection
EndProject
Project("{2150E333-8FDC-42A3-9474-1A3956D46DE8}") = "BuildingBlocks", "BuildingBlocks", "{D2539F16-BC98-4DCD-A2DA-E125FD8D002E}"
EndProject
Project("{2150E333-8FDC-42A3-9474-1A3956D46DE8}") = "Services", "Services", "{FF2B036E-8751-4B5E-AAFA-A3C83B592043}"
EndProject
Project("{2150E333-8FDC-42A3-9474-1A3956D46DE8}") = "ApiGateways", "ApiGateways", "{517612A2-A44A-4634-B7F2-0C7D5C174796}"
EndProject
Project("{2150E333-8FDC-42A3-9474-1A3956D46DE8}") = "MobileClient", "MobileClient", "{EB95B13C-1869-48DB-86FA-EF189C5EDBA2}"
EndProject
Project("{2150E333-8FDC-42A3-9474-1A3956D46DE8}") = "WebClient", "WebClient", "{4553DC88-CD0E-4190-A34B-788F2EEE9240}"
EndProject
Project("{2150E333-8FDC-42A3-9474-1A3956D46DE8}") = "WebApiGateway", "WebApiGateway", "{448626F5-F909-4430-BA01-D21639142608}"
EndProject
Project("{2150E333-8FDC-42A3-9474-1A3956D46DE8}") = "MobileApiGateway", "MobileApiGateway", "{2A526B11-D4E9-446B-8AC7-9F9A70B0BEB3}"
EndProject
Project("{9A19103F-16F7-4668-BE54-9A1E7A4F7556}") = "Web.ApiGateway", "src\ApiGateways\WebApiGateways\Web.ApiGateway\Web.ApiGateway.csproj", "{F3B42FF9-D82E-4D3B-A54F-E85F410E6870}"
EndProject
Project("{2150E333-8FDC-42A3-9474-1A3956D46DE8}") = "EventBus", "EventBus", "{E949D390-A333-4CC3-AA53-6D57A3ADA3E9}"
EndProject
Project("{9A19103F-16F7-4668-BE54-9A1E7A4F7556}") = "EventBus.Base", "src\BuildingBlocks\EventBus\EventBus.Base\EventBus.Base.csproj", "{D6C98A2E-C053-4835-8426-595A616E6286}"
EndProject
Project("{9A19103F-16F7-4668-BE54-9A1E7A4F7556}") = "EventBus.Factory", "src\BuildingBlocks\EventBus\EventBus.Factory\EventBus.Factory.csproj", "{E4545EA8-B74F-4650-8F56-A28B6F4C3443}"
EndProject
Project("{9A19103F-16F7-4668-BE54-9A1E7A4F7556}") = "EventBus.AzureServiceBus", "src\BuildingBlocks\EventBus\EventBus.AzureServiceBus\EventBus.AzureServiceBus.csproj", "{FA4F1D8E-CFBF-4527-991F-1994046589FF}"
EndProject
Project("{9A19103F-16F7-4668-BE54-9A1E7A4F7556}") = "EventBus.RabbitMQ", "src\BuildingBlocks\EventBus\EventBus.RabbitMQ\EventBus.RabbitMQ.csproj", "{6F79387F-5C94-46E4-B740-920AF3B32D06}"
EndProject
Project("{2150E333-8FDC-42A3-9474-1A3956D46DE8}") = "BlazorWebApp", "BlazorWebApp", "{EA0C5700-7F5F-4F1B-83EC-32A4D05BE439}"
EndProject
Project("{9A19103F-16F7-4668-BE54-9A1E7A4F7556}") = "BlazorWebApp", "src\Clients\WebClient\BlazorWebApp\BlazorWebApp\BlazorWebApp.csproj", "{2A264553-5A09-4F4D-B46A-66C68E92D1D7}"
EndProject
Project("{2150E333-8FDC-42A3-9474-1A3956D46DE8}") = "BasketService", "BasketService", "{1DA52A64-0B15-49DE-A2EA-B98E79001594}"
EndProject
Project("{FAE04EC0-301F-11D3-BF4B-00C04F79EFBC}") = "BasketService.Api", "src\Services\BasketService\BasketService.Api\BasketService.Api.csproj", "{5AA64CE2-2AC9-4A7F-924E-A0502218ACD2}"
EndProject
Project("{2150E333-8FDC-42A3-9474-1A3956D46DE8}") = "CatalogService", "CatalogService", "{BD5D71FB-7908-402D-856F-DA91E5DEF3EB}"
EndProject
Project("{FAE04EC0-301F-11D3-BF4B-00C04F79EFBC}") = "CatalogService.Api", "src\Services\CatalogService\CatalogService.Api\CatalogService.Api.csproj", "{DF96173E-4E38-4D1B-8F20-13F72044FF47}"
EndProject
Project("{2150E333-8FDC-42A3-9474-1A3956D46DE8}") = "IdentityService", "IdentityService", "{7F46A89E-2EEB-4C9D-B43E-59BF876274C4}"
EndProject
Project("{FAE04EC0-301F-11D3-BF4B-00C04F79EFBC}") = "IdentityService.Api", "src\Services\IdentityService\IdentityService.Api\IdentityService.Api.csproj", "{2A282069-28E2-449E-AD08-C6EBB333FB39}"
EndProject
Project("{2150E333-8FDC-42A3-9474-1A3956D46DE8}") = "NotificationService", "NotificationService", "{FCC7FD1D-CE8C-49E4-BE62-4D371E330C60}"
EndProject
Project("{FAE04EC0-301F-11D3-BF4B-00C04F79EFBC}") = "NotificationService", "src\Services\NotificationService\NotificationService\NotificationService.csproj", "{B2DCE472-52DA-40E4-B30E-837209FB89BA}"
EndProject
Global
	GlobalSection(SolutionConfigurationPlatforms) = preSolution
		Debug|Any CPU = Debug|Any CPU
		Release|Any CPU = Release|Any CPU
	EndGlobalSection
	GlobalSection(ProjectConfigurationPlatforms) = postSolution
		{F3B42FF9-D82E-4D3B-A54F-E85F410E6870}.Debug|Any CPU.ActiveCfg = Debug|Any CPU
		{F3B42FF9-D82E-4D3B-A54F-E85F410E6870}.Debug|Any CPU.Build.0 = Debug|Any CPU
		{F3B42FF9-D82E-4D3B-A54F-E85F410E6870}.Release|Any CPU.ActiveCfg = Release|Any CPU
		{F3B42FF9-D82E-4D3B-A54F-E85F410E6870}.Release|Any CPU.Build.0 = Release|Any CPU
		{D6C98A2E-C053-4835-8426-595A616E6286}.Debug|Any CPU.ActiveCfg = Debug|Any CPU
		{D6C98A2E-C053-4835-8426-595A616E6286}.Debug|Any CPU.Build.0 = Debug|Any CPU
		{D6C98A2E-C053-4835-8426-595A616E6286}.Release|Any CPU.ActiveCfg = Release|Any CPU
		{D6C98A2E-C053-4835-8426-595A616E6286}.Release|Any CPU.Build.0 = Release|Any CPU
		{E4545EA8-B74F-4650-8F56-A28B6F4C3443}.Debug|Any CPU.ActiveCfg = Debug|Any CPU
		{E4545EA8-B74F-4650-8F56-A28B6F4C3443}.Debug|Any CPU.Build.0 = Debug|Any CPU
		{E4545EA8-B74F-4650-8F56-A28B6F4C3443}.Release|Any CPU.ActiveCfg = Release|Any CPU
		{E4545EA8-B74F-4650-8F56-A28B6F4C3443}.Release|Any CPU.Build.0 = Release|Any CPU
		{FA4F1D8E-CFBF-4527-991F-1994046589FF}.Debug|Any CPU.ActiveCfg = Debug|Any CPU
		{FA4F1D8E-CFBF-4527-991F-1994046589FF}.Debug|Any CPU.Build.0 = Debug|Any CPU
		{FA4F1D8E-CFBF-4527-991F-1994046589FF}.Release|Any CPU.ActiveCfg = Release|Any CPU
		{FA4F1D8E-CFBF-4527-991F-1994046589FF}.Release|Any CPU.Build.0 = Release|Any CPU
		{6F79387F-5C94-46E4-B740-920AF3B32D06}.Debug|Any CPU.ActiveCfg = Debug|Any CPU
		{6F79387F-5C94-46E4-B740-920AF3B32D06}.Debug|Any CPU.Build.0 = Debug|Any CPU
		{6F79387F-5C94-46E4-B740-920AF3B32D06}.Release|Any CPU.ActiveCfg = Release|Any CPU
		{6F79387F-5C94-46E4-B740-920AF3B32D06}.Release|Any CPU.Build.0 = Release|Any CPU
		{2A264553-5A09-4F4D-B46A-66C68E92D1D7}.Debug|Any CPU.ActiveCfg = Debug|Any CPU
		{2A264553-5A09-4F4D-B46A-66C68E92D1D7}.Debug|Any CPU.Build.0 = Debug|Any CPU
		{2A264553-5A09-4F4D-B46A-66C68E92D1D7}.Release|Any CPU.ActiveCfg = Release|Any CPU
		{2A264553-5A09-4F4D-B46A-66C68E92D1D7}.Release|Any CPU.Build.0 = Release|Any CPU
		{5AA64CE2-2AC9-4A7F-924E-A0502218ACD2}.Debug|Any CPU.ActiveCfg = Debug|Any CPU
		{5AA64CE2-2AC9-4A7F-924E-A0502218ACD2}.Debug|Any CPU.Build.0 = Debug|Any CPU
		{5AA64CE2-2AC9-4A7F-924E-A0502218ACD2}.Release|Any CPU.ActiveCfg = Release|Any CPU
		{5AA64CE2-2AC9-4A7F-924E-A0502218ACD2}.Release|Any CPU.Build.0 = Release|Any CPU
		{DF96173E-4E38-4D1B-8F20-13F72044FF47}.Debug|Any CPU.ActiveCfg = Debug|Any CPU
		{DF96173E-4E38-4D1B-8F20-13F72044FF47}.Debug|Any CPU.Build.0 = Debug|Any CPU
		{DF96173E-4E38-4D1B-8F20-13F72044FF47}.Release|Any CPU.ActiveCfg = Release|Any CPU
		{DF96173E-4E38-4D1B-8F20-13F72044FF47}.Release|Any CPU.Build.0 = Release|Any CPU
		{2A282069-28E2-449E-AD08-C6EBB333FB39}.Debug|Any CPU.ActiveCfg = Debug|Any CPU
		{2A282069-28E2-449E-AD08-C6EBB333FB39}.Debug|Any CPU.Build.0 = Debug|Any CPU
		{2A282069-28E2-449E-AD08-C6EBB333FB39}.Release|Any CPU.ActiveCfg = Release|Any CPU
		{2A282069-28E2-449E-AD08-C6EBB333FB39}.Release|Any CPU.Build.0 = Release|Any CPU
		{B2DCE472-52DA-40E4-B30E-837209FB89BA}.Debug|Any CPU.ActiveCfg = Debug|Any CPU
		{B2DCE472-52DA-40E4-B30E-837209FB89BA}.Debug|Any CPU.Build.0 = Debug|Any CPU
		{B2DCE472-52DA-40E4-B30E-837209FB89BA}.Release|Any CPU.ActiveCfg = Release|Any CPU
		{B2DCE472-52DA-40E4-B30E-837209FB89BA}.Release|Any CPU.Build.0 = Release|Any CPU
	EndGlobalSection
	GlobalSection(SolutionProperties) = preSolution
		HideSolutionNode = FALSE
	EndGlobalSection
	GlobalSection(NestedProjects) = preSolution
		{F8BEBF68-A160-4874-9AC9-13B0F5B5C88D} = {28BD64BA-9A21-4F1E-BD57-E3A78A73CD08}
		{D2539F16-BC98-4DCD-A2DA-E125FD8D002E} = {28BD64BA-9A21-4F1E-BD57-E3A78A73CD08}
		{FF2B036E-8751-4B5E-AAFA-A3C83B592043} = {28BD64BA-9A21-4F1E-BD57-E3A78A73CD08}
		{517612A2-A44A-4634-B7F2-0C7D5C174796} = {28BD64BA-9A21-4F1E-BD57-E3A78A73CD08}
		{EB95B13C-1869-48DB-86FA-EF189C5EDBA2} = {F8BEBF68-A160-4874-9AC9-13B0F5B5C88D}
		{4553DC88-CD0E-4190-A34B-788F2EEE9240} = {F8BEBF68-A160-4874-9AC9-13B0F5B5C88D}
		{448626F5-F909-4430-BA01-D21639142608} = {517612A2-A44A-4634-B7F2-0C7D5C174796}
		{2A526B11-D4E9-446B-8AC7-9F9A70B0BEB3} = {517612A2-A44A-4634-B7F2-0C7D5C174796}
		{F3B42FF9-D82E-4D3B-A54F-E85F410E6870} = {448626F5-F909-4430-BA01-D21639142608}
		{E949D390-A333-4CC3-AA53-6D57A3ADA3E9} = {D2539F16-BC98-4DCD-A2DA-E125FD8D002E}
		{D6C98A2E-C053-4835-8426-595A616E6286} = {E949D390-A333-4CC3-AA53-6D57A3ADA3E9}
		{E4545EA8-B74F-4650-8F56-A28B6F4C3443} = {E949D390-A333-4CC3-AA53-6D57A3ADA3E9}
		{FA4F1D8E-CFBF-4527-991F-1994046589FF} = {E949D390-A333-4CC3-AA53-6D57A3ADA3E9}
		{6F79387F-5C94-46E4-B740-920AF3B32D06} = {E949D390-A333-4CC3-AA53-6D57A3ADA3E9}
		{EA0C5700-7F5F-4F1B-83EC-32A4D05BE439} = {4553DC88-CD0E-4190-A34B-788F2EEE9240}
		{2A264553-5A09-4F4D-B46A-66C68E92D1D7} = {EA0C5700-7F5F-4F1B-83EC-32A4D05BE439}
		{1DA52A64-0B15-49DE-A2EA-B98E79001594} = {FF2B036E-8751-4B5E-AAFA-A3C83B592043}
		{5AA64CE2-2AC9-4A7F-924E-A0502218ACD2} = {1DA52A64-0B15-49DE-A2EA-B98E79001594}
		{BD5D71FB-7908-402D-856F-DA91E5DEF3EB} = {FF2B036E-8751-4B5E-AAFA-A3C83B592043}
		{DF96173E-4E38-4D1B-8F20-13F72044FF47} = {BD5D71FB-7908-402D-856F-DA91E5DEF3EB}
		{7F46A89E-2EEB-4C9D-B43E-59BF876274C4} = {FF2B036E-8751-4B5E-AAFA-A3C83B592043}
		{2A282069-28E2-449E-AD08-C6EBB333FB39} = {7F46A89E-2EEB-4C9D-B43E-59BF876274C4}
		{FCC7FD1D-CE8C-49E4-BE62-4D371E330C60} = {FF2B036E-8751-4B5E-AAFA-A3C83B592043}
		{B2DCE472-52DA-40E4-B30E-837209FB89BA} = {FCC7FD1D-CE8C-49E4-BE62-4D371E330C60}
	EndGlobalSection
	GlobalSection(ExtensibilityGlobals) = postSolution
		SolutionGuid = {843DCFA3-B03B-40BA-A2F4-E9ACD1875C07}
	EndGlobalSection
EndGlobal
